
Microsoft Visual Studio Solution File, Format Version 12.00
# Visual Studio 15
VisualStudioVersion = 15.0.27428.2027
MinimumVisualStudioVersion = 10.0.40219.1
Project("{FAE04EC0-301F-11D3-BF4B-00C04F79EFBC}") = "AreaTools", "AreaTools\AreaTools.csproj", "{58D2AC4B-72D4-483A-9F2B-DD0FF22CA2C3}"
EndProject
Global
	GlobalSection(SolutionConfigurationPlatforms) = preSolution
		Debug|Any CPU = Debug|Any CPU
		Release|Any CPU = Release|Any CPU
	EndGlobalSection
	GlobalSection(ProjectConfigurationPlatforms) = postSolution
		{58D2AC4B-72D4-483A-9F2B-DD0FF22CA2C3}.Debug|Any CPU.ActiveCfg = Debug|Any CPU
		{58D2AC4B-72D4-483A-9F2B-DD0FF22CA2C3}.Debug|Any CPU.Build.0 = Debug|Any CPU
		{58D2AC4B-72D4-483A-9F2B-DD0FF22CA2C3}.Release|Any CPU.ActiveCfg = Release|Any CPU
		{58D2AC4B-72D4-483A-9F2B-DD0FF22CA2C3}.Release|Any CPU.Build.0 = Release|Any CPU
	EndGlobalSection
	GlobalSection(SolutionProperties) = preSolution
		HideSolutionNode = FALSE
	EndGlobalSection
	GlobalSection(ExtensibilityGlobals) = postSolution
		SolutionGuid = {F5792EC5-D985-4B80-97F2-3CF4D6B9CF17}
	EndGlobalSection
EndGlobal
